
Microsoft Visual Studio Solution File, Format Version 12.00
# Visual Studio Version 17
VisualStudioVersion = 17.7.34024.191
MinimumVisualStudioVersion = 10.0.40219.1
Project("{FAE04EC0-301F-11D3-BF4B-00C04F79EFBC}") = "Ark Ascended Manager", "Ark Ascended Manager\Ark Ascended Manager.csproj", "{27174E5B-FEB3-46E1-A962-8B428B04E3B1}"
EndProject
Global
	GlobalSection(SolutionConfigurationPlatforms) = preSolution
		Debug|Any CPU = Debug|Any CPU
		Release|Any CPU = Release|Any CPU
	EndGlobalSection
	GlobalSection(ProjectConfigurationPlatforms) = postSolution
		{27174E5B-FEB3-46E1-A962-8B428B04E3B1}.Debug|Any CPU.ActiveCfg = Debug|Any CPU
		{27174E5B-FEB3-46E1-A962-8B428B04E3B1}.Debug|Any CPU.Build.0 = Debug|Any CPU
		{27174E5B-FEB3-46E1-A962-8B428B04E3B1}.Release|Any CPU.ActiveCfg = Release|Any CPU
		{27174E5B-FEB3-46E1-A962-8B428B04E3B1}.Release|Any CPU.Build.0 = Release|Any CPU
	EndGlobalSection
	GlobalSection(SolutionProperties) = preSolution
		HideSolutionNode = FALSE
	EndGlobalSection
	GlobalSection(ExtensibilityGlobals) = postSolution
		SolutionGuid = {18F052CE-8CB3-46BE-8D1E-AE84C450B8A3}
	EndGlobalSection
EndGlobal
